<?xml version="1.0" encoding="utf-8"?>
<Project ToolsVersion="4.0" xmlns="http://schemas.microsoft.com/developer/msbuild/2003">
  <ItemGroup>
    <Filter Include="src">
      <UniqueIdentifier>{520ef573-f172-4392-b61a-a1730ba09b7a}</UniqueIdentifier>
    </Filter>
    <Filter Include="src\Export">
      <UniqueIdentifier>{16171c1c-3a8f-46de-add3-9346262445c1}</UniqueIdentifier>
    </Filter>
    <Filter Include="src\MosseTracker">
      <UniqueIdentifier>{4850b481-8642-4bb8-8ace-180be1381fce}</UniqueIdentifier>
    </Filter>
    <Filter Include="src\FFT">
      <UniqueIdentifier>{797f59a0-4039-474c-8554-d5bda8f4520c}</UniqueIdentifier>
    </Filter>
  </ItemGroup>
  <ItemGroup>
    <ClInclude Include="stdafx.h">
      <Filter>src</Filter>
    </ClInclude>
    <ClInclude Include="MosseTracker.h">
      <Filter>src\MosseTracker</Filter>
    </ClInclude>
    <ClInclude Include="Fft.h">
      <Filter>src\FFT</Filter>
    </ClInclude>
    <ClInclude Include="Fft_arrays.h">
      <Filter>src\FFT</Filter>
    </ClInclude>
    <ClInclude Include="Export\Mosse_Export.h">
      <Filter>src\Export</Filter>
    </ClInclude>
  </ItemGroup>
  <ItemGroup>
    <ClCompile Include="dllmain.cpp">
      <Filter>src</Filter>
    </ClCompile>
    <ClCompile Include="stdafx.cpp">
      <Filter>src</Filter>
    </ClCompile>
    <ClCompile Include="Fft.cpp">
      <Filter>src\FFT</Filter>
    </ClCompile>
    <ClCompile Include="MosseTracker_Misc.cpp">
      <Filter>src\MosseTracker</Filter>
    </ClCompile>
    <ClCompile Include="Mosse_Export.cpp">
      <Filter>src\Export</Filter>
    </ClCompile>
    <ClCompile Include="MosseTracker.cpp">
      <Filter>src\MosseTracker</Filter>
    </ClCompile>
  </ItemGroup>
</Project>