<?xml version="1.0" encoding="utf-8"?>
<Project ToolsVersion="4.0" xmlns="http://schemas.microsoft.com/developer/msbuild/2003">
  <ItemGroup>
    <Filter Include="src">
      <UniqueIdentifier>{466263d8-d538-45fd-a8a3-2fdff2c03b40}</UniqueIdentifier>
    </Filter>
    <Filter Include="src\SampleFromFile">
      <UniqueIdentifier>{9e50aab4-e8dc-4b2a-8b2c-e1ab38208e93}</UniqueIdentifier>
    </Filter>
    <Filter Include="src\SampleOneFrame">
      <UniqueIdentifier>{f8eb5ef2-e112-4306-8a34-1e70ab325efb}</UniqueIdentifier>
    </Filter>
    <Filter Include="src\SampleSwarm">
      <UniqueIdentifier>{f265972f-2875-4200-a719-ccdd6c04862a}</UniqueIdentifier>
    </Filter>
    <Filter Include="src\SampleManyTrackers">
      <UniqueIdentifier>{e095de59-1d22-4292-af04-89f0bf8454d5}</UniqueIdentifier>
    </Filter>
  </ItemGroup>
  <ItemGroup>
    <ClInclude Include="stdafx.h">
      <Filter>src</Filter>
    </ClInclude>
    <ClInclude Include="SampleFromFile.h">
      <Filter>src\SampleFromFile</Filter>
    </ClInclude>
    <ClInclude Include="SampleOneFrame.h">
      <Filter>src\SampleOneFrame</Filter>
    </ClInclude>
    <ClInclude Include="SampleSwarm.h">
      <Filter>src\SampleSwarm</Filter>
    </ClInclude>
    <ClInclude Include="SampleManyTrackers.h">
      <Filter>src\SampleManyTrackers</Filter>
    </ClInclude>
  </ItemGroup>
  <ItemGroup>
    <ClCompile Include="stdafx.cpp">
      <Filter>src</Filter>
    </ClCompile>
    <ClCompile Include="startup.cpp">
      <Filter>src</Filter>
    </ClCompile>
    <ClCompile Include="SampleFromFile.cpp">
      <Filter>src\SampleFromFile</Filter>
    </ClCompile>
    <ClCompile Include="SampleOneFrame.cpp">
      <Filter>src\SampleOneFrame</Filter>
    </ClCompile>
    <ClCompile Include="SampleSwarm.cpp">
      <Filter>src\SampleSwarm</Filter>
    </ClCompile>
    <ClCompile Include="SampleManyTrackers.cpp">
      <Filter>src\SampleManyTrackers</Filter>
    </ClCompile>
  </ItemGroup>
</Project>